<?xml version="1.0" encoding="utf-8"?>
<Project ToolsVersion="4.0" xmlns="http://schemas.microsoft.com/developer/msbuild/2003">
  <ItemGroup>
    <Filter Include="Source Files">
      <UniqueIdentifier>{4FC737F1-C7A5-4376-A066-2A32D752A2FF}</UniqueIdentifier>
      <Extensions>cpp;c;cc;cxx;c++;cppm;ixx;def;odl;idl;hpj;bat;asm;asmx</Extensions>
    </Filter>
    <Filter Include="Resource Files">
      <UniqueIdentifier>{67DA6AB6-F800-4c08-8B7A-83BB121AAD01}</UniqueIdentifier>
      <Extensions>rc;ico;cur;bmp;dlg;rc2;rct;bin;rgs;gif;jpg;jpeg;jpe;resx;tiff;tif;png;wav;mfcribbon-ms</Extensions>
    </Filter>
    <Filter Include="src">
      <UniqueIdentifier>{5835cd25-67a2-430b-a606-7e0e1ddcce56}</UniqueIdentifier>
    </Filter>
    <Filter Include="include">
      <UniqueIdentifier>{93995380-89BD-4b04-88EB-625FBE52EBFB}</UniqueIdentifier>
      <Extensions>h;hh;hpp;hxx;h++;hm;inl;inc;ipp;xsd</Extensions>
    </Filter>
    <Filter Include="src\backend">
      <UniqueIdentifier>{310745dd-ce97-4f52-afbf-81518d42a2a8}</UniqueIdentifier>
    </Filter>
    <Filter Include="src\backend\access">
      <UniqueIdentifier>{851e7b01-c487-4df1-9e02-a588b4314dfc}</UniqueIdentifier>
    </Filter>
    <Filter Include="src\backend\access\gin">
      <UniqueIdentifier>{0a5b9a9a-aab2-4879-a5fd-b4560d9728d9}</UniqueIdentifier>
    </Filter>
    <Filter Include="src\include">
      <UniqueIdentifier>{ebae9b95-0934-4a12-8ff5-45075de45e38}</UniqueIdentifier>
    </Filter>
    <Filter Include="src\backend\lib">
      <UniqueIdentifier>{53999f4e-4d8d-4c1d-98f2-08f75104150a}</UniqueIdentifier>
    </Filter>
  </ItemGroup>
  <ItemGroup>
    <ClInclude Include="pggin.h">
      <Filter>include</Filter>
    </ClInclude>
    <ClInclude Include="src\include\postgres.h">
      <Filter>src\include</Filter>
    </ClInclude>
  </ItemGroup>
  <ItemGroup>
    <ClCompile Include="libpggin.cpp">
      <Filter>Source Files</Filter>
    </ClCompile>
    <ClCompile Include="src\backend\access\gin\ginarrayproc.c">
      <Filter>src\backend\access\gin</Filter>
    </ClCompile>
    <ClCompile Include="src\backend\access\gin\ginbtree.c">
      <Filter>src\backend\access\gin</Filter>
    </ClCompile>
    <ClCompile Include="src\backend\access\gin\ginbulk.c">
      <Filter>src\backend\access\gin</Filter>
    </ClCompile>
    <ClCompile Include="src\backend\access\gin\gindatapage.c">
      <Filter>src\backend\access\gin</Filter>
    </ClCompile>
    <ClCompile Include="src\backend\access\gin\ginentrypage.c">
      <Filter>src\backend\access\gin</Filter>
    </ClCompile>
    <ClCompile Include="src\backend\access\gin\ginfast.c">
      <Filter>src\backend\access\gin</Filter>
    </ClCompile>
    <ClCompile Include="src\backend\access\gin\ginget.c">
      <Filter>src\backend\access\gin</Filter>
    </ClCompile>
    <ClCompile Include="src\backend\access\gin\gininsert.c">
      <Filter>src\backend\access\gin</Filter>
    </ClCompile>
    <ClCompile Include="src\backend\access\gin\ginlogic.c">
      <Filter>src\backend\access\gin</Filter>
    </ClCompile>
    <ClCompile Include="src\backend\access\gin\ginpostinglist.c">
      <Filter>src\backend\access\gin</Filter>
    </ClCompile>
    <ClCompile Include="src\backend\access\gin\ginscan.c">
      <Filter>src\backend\access\gin</Filter>
    </ClCompile>
    <ClCompile Include="src\backend\access\gin\ginutil.c">
      <Filter>src\backend\access\gin</Filter>
    </ClCompile>
    <ClCompile Include="src\backend\lib\rbtree.c">
      <Filter>src\backend\lib</Filter>
    </ClCompile>
    <ClCompile Include="src\backend\lib\binaryheap.c">
      <Filter>src\backend\lib</Filter>
    </ClCompile>
    <ClCompile Include="src\backend\lib\bipartite_match.c">
      <Filter>src\backend\lib</Filter>
    </ClCompile>
    <ClCompile Include="src\backend\lib\bloomfilter.c">
      <Filter>src\backend\lib</Filter>
    </ClCompile>
    <ClCompile Include="src\backend\lib\dshash.c">
      <Filter>src\backend\lib</Filter>
    </ClCompile>
    <ClCompile Include="src\backend\lib\hyperloglog.c">
      <Filter>src\backend\lib</Filter>
    </ClCompile>
    <ClCompile Include="src\backend\lib\ilist.c">
      <Filter>src\backend\lib</Filter>
    </ClCompile>
    <ClCompile Include="src\backend\lib\integerset.c">
      <Filter>src\backend\lib</Filter>
    </ClCompile>
    <ClCompile Include="src\backend\lib\knapsack.c">
      <Filter>src\backend\lib</Filter>
    </ClCompile>
    <ClCompile Include="src\backend\lib\pairingheap.c">
      <Filter>src\backend\lib</Filter>
    </ClCompile>
  </ItemGroup>
</Project>